Microsoft Visual Studio Solution File, Format Version 12.00
# Visual Studio Version 17
VisualStudioVersion = 17.5.2.0
MinimumVisualStudioVersion = 10.0.40219.1
Project("{FAE04EC0-301F-11D3-BF4B-00C04F79EFBC}") = "TaskMaster", "TaskMaster\TaskMaster.csproj", "{D5EB899F-8B45-A866-7022-C87116BA53B4}"
EndProject
Global
	GlobalSection(SolutionConfigurationPlatforms) = preSolution
		Debug|Any CPU = Debug|Any CPU
		Release|Any CPU = Release|Any CPU
	EndGlobalSection
	GlobalSection(ProjectConfigurationPlatforms) = postSolution
		{D5EB899F-8B45-A866-7022-C87116BA53B4}.Debug|Any CPU.ActiveCfg = Debug|Any CPU
		{D5EB899F-8B45-A866-7022-C87116BA53B4}.Debug|Any CPU.Build.0 = Debug|Any CPU
		{D5EB899F-8B45-A866-7022-C87116BA53B4}.Release|Any CPU.ActiveCfg = Release|Any CPU
		{D5EB899F-8B45-A866-7022-C87116BA53B4}.Release|Any CPU.Build.0 = Release|Any CPU
	EndGlobalSection
	GlobalSection(SolutionProperties) = preSolution
		HideSolutionNode = FALSE
	EndGlobalSection
	GlobalSection(ExtensibilityGlobals) = postSolution
		SolutionGuid = {64CE1F5B-A731-40EA-90BF-5D90C1FD527B}
	EndGlobalSection
EndGlobal
